
Microsoft Visual Studio Solution File, Format Version 12.00
# Visual Studio Version 16
VisualStudioVersion = 16.0.30717.126
MinimumVisualStudioVersion = 10.0.40219.1
Project("{FAE04EC0-301F-11D3-BF4B-00C04F79EFBC}") = "PruebaConexion", "PruebaConexion\PruebaConexion.csproj", "{D7FA2A45-559C-403D-9C68-99E20F87843E}"
EndProject
Global
	GlobalSection(SolutionConfigurationPlatforms) = preSolution
		Debug|Any CPU = Debug|Any CPU
		Release|Any CPU = Release|Any CPU
	EndGlobalSection
	GlobalSection(ProjectConfigurationPlatforms) = postSolution
		{D7FA2A45-559C-403D-9C68-99E20F87843E}.Debug|Any CPU.ActiveCfg = Debug|Any CPU
		{D7FA2A45-559C-403D-9C68-99E20F87843E}.Debug|Any CPU.Build.0 = Debug|Any CPU
		{D7FA2A45-559C-403D-9C68-99E20F87843E}.Release|Any CPU.ActiveCfg = Release|Any CPU
		{D7FA2A45-559C-403D-9C68-99E20F87843E}.Release|Any CPU.Build.0 = Release|Any CPU
	EndGlobalSection
	GlobalSection(SolutionProperties) = preSolution
		HideSolutionNode = FALSE
	EndGlobalSection
	GlobalSection(ExtensibilityGlobals) = postSolution
		SolutionGuid = {212E287D-1866-4D2C-8022-5B601CBB49F2}
	EndGlobalSection
EndGlobal
